// !$*UTF8*$!
{
	archiveVersion = 1;
	classes = {
	};
	objectVersion = 55;
	objects = {

/* Begin PBXBuildFile section */
		8C63CC9728681CD00049E3B8 /* AppDelegate.swift in Sources */ = {isa = PBXBuildFile; fileRef = 8C63CC9628681CD00049E3B8 /* AppDelegate.swift */; };
		8C63CC9928681CD00049E3B8 /* SceneDelegate.swift in Sources */ = {isa = PBXBuildFile; fileRef = 8C63CC9828681CD00049E3B8 /* SceneDelegate.swift */; };
		8C63CC9B28681CD00049E3B8 /* ViewController.swift in Sources */ = {isa = PBXBuildFile; fileRef = 8C63CC9A28681CD00049E3B8 /* ViewController.swift */; };
		8C63CC9E28681CD00049E3B8 /* Main.storyboard in Resources */ = {isa = PBXBuildFile; fileRef = 8C63CC9C28681CD00049E3B8 /* Main.storyboard */; };
		8C63CCA028681CD10049E3B8 /* Assets.xcassets in Resources */ = {isa = PBXBuildFile; fileRef = 8C63CC9F28681CD10049E3B8 /* Assets.xcassets */; };
		8C63CCA328681CD10049E3B8 /* LaunchScreen.storyboard in Resources */ = {isa = PBXBuildFile; fileRef = 8C63CCA128681CD10049E3B8 /* LaunchScreen.storyboard */; };
		8C63CCAE28681CD10049E3B8 /* helloiOSTests.swift in Sources */ = {isa = PBXBuildFile; fileRef = 8C63CCAD28681CD10049E3B8 /* helloiOSTests.swift */; };
		8C63CCB828681CD10049E3B8 /* helloiOSUITests.swift in Sources */ = {isa = PBXBuildFile; fileRef = 8C63CCB728681CD10049E3B8 /* helloiOSUITests.swift */; };
		8C63CCBA28681CD10049E3B8 /* helloiOSUITestsLaunchTests.swift in Sources */ = {isa = PBXBuildFile; fileRef = 8C63CCB928681CD10049E3B8 /* helloiOSUITestsLaunchTests.swift */; };
/* End PBXBuildFile section */

/* Begin PBXContainerItemProxy section */
		8C63CCAA28681CD10049E3B8 /* PBXContainerItemProxy */ = {
			isa = PBXContainerItemProxy;
			containerPortal = 8C63CC8B28681CD00049E3B8 /* Project object */;
			proxyType = 1;
			remoteGlobalIDString = 8C63CC9228681CD00049E3B8;
			remoteInfo = helloiOS;
		};
		8C63CCB428681CD10049E3B8 /* PBXContainerItemProxy */ = {
			isa = PBXContainerItemProxy;
			containerPortal = 8C63CC8B28681CD00049E3B8 /* Project object */;
			proxyType = 1;
			remoteGlobalIDString = 8C63CC9228681CD00049E3B8;
			remoteInfo = helloiOS;
		};
/* End PBXContainerItemProxy section */

/* Begin PBXFileReference section */
		8C63CC9328681CD00049E3B8 /* helloiOS.app */ = {isa = PBXFileReference; explicitFileType = wrapper.application; includeInIndex = 0; path = helloiOS.app; sourceTree = BUILT_PRODUCTS_DIR; };
		8C63CC9628681CD00049E3B8 /* AppDelegate.swift */ = {isa = PBXFileReference; lastKnownFileType = sourcecode.swift; path = AppDelegate.swift; sourceTree = "<group>"; };
		8C63CC9828681CD00049E3B8 /* SceneDelegate.swift */ = {isa = PBXFileReference; lastKnownFileType = sourcecode.swift; path = SceneDelegate.swift; sourceTree = "<group>"; };
		8C63CC9A28681CD00049E3B8 /* ViewController.swift */ = {isa = PBXFileReference; lastKnownFileType = sourcecode.swift; path = ViewController.swift; sourceTree = "<group>"; };
		8C63CC9D28681CD00049E3B8 /* Base */ = {isa = PBXFileReference; lastKnownFileType = file.storyboard; name = Base; path = Base.lproj/Main.storyboard; sourceTree = "<group>"; };
		8C63CC9F28681CD10049E3B8 /* Assets.xcassets */ = {isa = PBXFileReference; lastKnownFileType = folder.assetcatalog; path = Assets.xcassets; sourceTree = "<group>"; };
		8C63CCA228681CD10049E3B8 /* Base */ = {isa = PBXFileReference; lastKnownFileType = file.storyboard; name = Base; path = Base.lproj/LaunchScreen.storyboard; sourceTree = "<group>"; };
		8C63CCA428681CD10049E3B8 /* Info.plist */ = {isa = PBXFileReference; lastKnownFileType = text.plist.xml; path = Info.plist; sourceTree = "<group>"; };
		8C63CCA928681CD10049E3B8 /* helloiOSTests.xctest */ = {isa = PBXFileReference; explicitFileType = wrapper.cfbundle; includeInIndex = 0; path = helloiOSTests.xctest; sourceTree = BUILT_PRODUCTS_DIR; };
		8C63CCAD28681CD10049E3B8 /* helloiOSTests.swift */ = {isa = PBXFileReference; lastKnownFileType = sourcecode.swift; path = helloiOSTests.swift; sourceTree = "<group>"; };
		8C63CCB328681CD10049E3B8 /* helloiOSUITests.xctest */ = {isa = PBXFileReference; explicitFileType = wrapper.cfbundle; includeInIndex = 0; path = helloiOSUITests.xctest; sourceTree = BUILT_PRODUCTS_DIR; };
		8C63CCB728681CD10049E3B8 /* helloiOSUITests.swift */ = {isa = PBXFileReference; lastKnownFileType = sourcecode.swift; path = helloiOSUITests.swift; sourceTree = "<group>"; };
		8C63CCB928681CD10049E3B8 /* helloiOSUITestsLaunchTests.swift */ = {isa = PBXFileReference; lastKnownFileType = sourcecode.swift; path = helloiOSUITestsLaunchTests.swift; sourceTree = "<group>"; };
/* End PBXFileReference section */

/* Begin PBXFrameworksBuildPhase section */
		8C63CC9028681CD00049E3B8 /* Frameworks */ = {
			isa = PBXFrameworksBuildPhase;
			buildActionMask = 2147483647;
			files = (
			);
			runOnlyForDeploymentPostprocessing = 0;
		};
		8C63CCA628681CD10049E3B8 /* Frameworks */ = {
			isa = PBXFrameworksBuildPhase;
			buildActionMask = 2147483647;
			files = (
			);
			runOnlyForDeploymentPostprocessing = 0;
		};
		8C63CCB028681CD10049E3B8 /* Frameworks */ = {
			isa = PBXFrameworksBuildPhase;
			buildActionMask = 2147483647;
			files = (
			);
			runOnlyForDeploymentPostprocessing = 0;
		};
/* End PBXFrameworksBuildPhase section */

/* Begin PBXGroup section */
		8C63CC8A28681CD00049E3B8 = {
			isa = PBXGroup;
			children = (
				8C63CC9528681CD00049E3B8 /* helloiOS */,
				8C63CCAC28681CD10049E3B8 /* helloiOSTests */,
				8C63CCB628681CD10049E3B8 /* helloiOSUITests */,
				8C63CC9428681CD00049E3B8 /* Products */,
			);
			sourceTree = "<group>";
		};
		8C63CC9428681CD00049E3B8 /* Products */ = {
			isa = PBXGroup;
			children = (
				8C63CC9328681CD00049E3B8 /* helloiOS.app */,
				8C63CCA928681CD10049E3B8 /* helloiOSTests.xctest */,
				8C63CCB328681CD10049E3B8 /* helloiOSUITests.xctest */,
			);
			name = Products;
			sourceTree = "<group>";
		};
		8C63CC9528681CD00049E3B8 /* helloiOS */ = {
			isa = PBXGroup;
			children = (
				8C63CC9628681CD00049E3B8 /* AppDelegate.swift */,
				8C63CC9828681CD00049E3B8 /* SceneDelegate.swift */,
				8C63CC9A28681CD00049E3B8 /* ViewController.swift */,
				8C63CC9C28681CD00049E3B8 /* Main.storyboard */,
				8C63CC9F28681CD10049E3B8 /* Assets.xcassets */,
				8C63CCA128681CD10049E3B8 /* LaunchScreen.storyboard */,
				8C63CCA428681CD10049E3B8 /* Info.plist */,
			);
			path = helloiOS;
			sourceTree = "<group>";
		};
		8C63CCAC28681CD10049E3B8 /* helloiOSTests */ = {
			isa = PBXGroup;
			children = (
				8C63CCAD28681CD10049E3B8 /* helloiOSTests.swift */,
			);
			path = helloiOSTests;
			sourceTree = "<group>";
		};
		8C63CCB628681CD10049E3B8 /* helloiOSUITests */ = {
			isa = PBXGroup;
			children = (
				8C63CCB728681CD10049E3B8 /* helloiOSUITests.swift */,
				8C63CCB928681CD10049E3B8 /* helloiOSUITestsLaunchTests.swift */,
			);
			path = helloiOSUITests;
			sourceTree = "<group>";
		};
/* End PBXGroup section */

/* Begin PBXNativeTarget section */
		8C63CC9228681CD00049E3B8 /* helloiOS */ = {
			isa = PBXNativeTarget;
			buildConfigurationList = 8C63CCBD28681CD10049E3B8 /* Build configuration list for PBXNativeTarget "helloiOS" */;
			buildPhases = (
				8C63CC8F28681CD00049E3B8 /* Sources */,
				8C63CC9028681CD00049E3B8 /* Frameworks */,
				8C63CC9128681CD00049E3B8 /* Resources */,
			);
			buildRules = (
			);
			dependencies = (
			);
			name = helloiOS;
			productName = helloiOS;
			productReference = 8C63CC9328681CD00049E3B8 /* helloiOS.app */;
			productType = "com.apple.product-type.application";
		};
		8C63CCA828681CD10049E3B8 /* helloiOSTests */ = {
			isa = PBXNativeTarget;
			buildConfigurationList = 8C63CCC028681CD10049E3B8 /* Build configuration list for PBXNativeTarget "helloiOSTests" */;
			buildPhases = (
				8C63CCA528681CD10049E3B8 /* Sources */,
				8C63CCA628681CD10049E3B8 /* Frameworks */,
				8C63CCA728681CD10049E3B8 /* Resources */,
			);
			buildRules = (
			);
			dependencies = (
				8C63CCAB28681CD10049E3B8 /* PBXTargetDependency */,
			);
			name = helloiOSTests;
			productName = helloiOSTests;
			productReference = 8C63CCA928681CD10049E3B8 /* helloiOSTests.xctest */;
			productType = "com.apple.product-type.bundle.unit-test";
		};
		8C63CCB228681CD10049E3B8 /* helloiOSUITests */ = {
			isa = PBXNativeTarget;
			buildConfigurationList = 8C63CCC328681CD10049E3B8 /* Build configuration list for PBXNativeTarget "helloiOSUITests" */;
			buildPhases = (
				8C63CCAF28681CD10049E3B8 /* Sources */,
				8C63CCB028681CD10049E3B8 /* Frameworks */,
				8C63CCB128681CD10049E3B8 /* Resources */,
			);
			buildRules = (
			);
			dependencies = (
				8C63CCB528681CD10049E3B8 /* PBXTargetDependency */,
			);
			name = helloiOSUITests;
			productName = helloiOSUITests;
			productReference = 8C63CCB328681CD10049E3B8 /* helloiOSUITests.xctest */;
			productType = "com.apple.product-type.bundle.ui-testing";
		};
/* End PBXNativeTarget section */

/* Begin PBXProject section */
		8C63CC8B28681CD00049E3B8 /* Project object */ = {
			isa = PBXProject;
			attributes = {
				BuildIndependentTargetsInParallel = 1;
				LastSwiftUpdateCheck = 1340;
				LastUpgradeCheck = 1340;
				TargetAttributes = {
					8C63CC9228681CD00049E3B8 = {
						CreatedOnToolsVersion = 13.4.1;
					};
					8C63CCA828681CD10049E3B8 = {
						CreatedOnToolsVersion = 13.4.1;
						TestTargetID = 8C63CC9228681CD00049E3B8;
					};
					8C63CCB228681CD10049E3B8 = {
						CreatedOnToolsVersion = 13.4.1;
						TestTargetID = 8C63CC9228681CD00049E3B8;
					};
				};
			};
			buildConfigurationList = 8C63CC8E28681CD00049E3B8 /* Build configuration list for PBXProject "helloiOS" */;
			compatibilityVersion = "Xcode 13.0";
			developmentRegion = en;
			hasScannedForEncodings = 0;
			knownRegions = (
				en,
				Base,
			);
			mainGroup = 8C63CC8A28681CD00049E3B8;
			productRefGroup = 8C63CC9428681CD00049E3B8 /* Products */;
			projectDirPath = "";
			projectRoot = "";
			targets = (
				8C63CC9228681CD00049E3B8 /* helloiOS */,
				8C63CCA828681CD10049E3B8 /* helloiOSTests */,
				8C63CCB228681CD10049E3B8 /* helloiOSUITests */,
			);
		};
/* End PBXProject section */

/* Begin PBXResourcesBuildPhase section */
		8C63CC9128681CD00049E3B8 /* Resources */ = {
			isa = PBXResourcesBuildPhase;
			buildActionMask = 2147483647;
			files = (
				8C63CCA328681CD10049E3B8 /* LaunchScreen.storyboard in Resources */,
				8C63CCA028681CD10049E3B8 /* Assets.xcassets in Resources */,
				8C63CC9E28681CD00049E3B8 /* Main.storyboard in Resources */,
			);
			runOnlyForDeploymentPostprocessing = 0;
		};
		8C63CCA728681CD10049E3B8 /* Resources */ = {
			isa = PBXResourcesBuildPhase;
			buildActionMask = 2147483647;
			files = (
			);
			runOnlyForDeploymentPostprocessing = 0;
		};
		8C63CCB128681CD10049E3B8 /* Resources */ = {
			isa = PBXResourcesBuildPhase;
			buildActionMask = 2147483647;
			files = (
			);
			runOnlyForDeploymentPostprocessing = 0;
		};
/* End PBXResourcesBuildPhase section */

/* Begin PBXSourcesBuildPhase section */
		8C63CC8F28681CD00049E3B8 /* Sources */ = {
			isa = PBXSourcesBuildPhase;
			buildActionMask = 2147483647;
			files = (
				8C63CC9B28681CD00049E3B8 /* ViewController.swift in Sources */,
				8C63CC9728681CD00049E3B8 /* AppDelegate.swift in Sources */,
				8C63CC9928681CD00049E3B8 /* SceneDelegate.swift in Sources */,
			);
			runOnlyForDeploymentPostprocessing = 0;
		};
		8C63CCA528681CD10049E3B8 /* Sources */ = {
			isa = PBXSourcesBuildPhase;
			buildActionMask = 2147483647;
			files = (
				8C63CCAE28681CD10049E3B8 /* helloiOSTests.swift in Sources */,
			);
			runOnlyForDeploymentPostprocessing = 0;
		};
		8C63CCAF28681CD10049E3B8 /* Sources */ = {
			isa = PBXSourcesBuildPhase;
			buildActionMask = 2147483647;
			files = (
				8C63CCBA28681CD10049E3B8 /* helloiOSUITestsLaunchTests.swift in Sources */,
				8C63CCB828681CD10049E3B8 /* helloiOSUITests.swift in Sources */,
			);
			runOnlyForDeploymentPostprocessing = 0;
		};
/* End PBXSourcesBuildPhase section */

/* Begin PBXTargetDependency section */
		8C63CCAB28681CD10049E3B8 /* PBXTargetDependency */ = {
			isa = PBXTargetDependency;
			target = 8C63CC9228681CD00049E3B8 /* helloiOS */;
			targetProxy = 8C63CCAA28681CD10049E3B8 /* PBXContainerItemProxy */;
		};
		8C63CCB528681CD10049E3B8 /* PBXTargetDependency */ = {
			isa = PBXTargetDependency;
			target = 8C63CC9228681CD00049E3B8 /* helloiOS */;
			targetProxy = 8C63CCB428681CD10049E3B8 /* PBXContainerItemProxy */;
		};
/* End PBXTargetDependency section */

/* Begin PBXVariantGroup section */
		8C63CC9C28681CD00049E3B8 /* Main.storyboard */ = {
			isa = PBXVariantGroup;
			children = (
				8C63CC9D28681CD00049E3B8 /* Base */,
			);
			name = Main.storyboard;
			sourceTree = "<group>";
		};
		8C63CCA128681CD10049E3B8 /* LaunchScreen.storyboard */ = {
			isa = PBXVariantGroup;
			children = (
				8C63CCA228681CD10049E3B8 /* Base */,
			);
			name = LaunchScreen.storyboard;
			sourceTree = "<group>";
		};
/* End PBXVariantGroup section */

/* Begin XCBuildConfiguration section */
		8C63CCBB28681CD10049E3B8 /* Debug */ = {
			isa = XCBuildConfiguration;
			buildSettings = {
				ALWAYS_SEARCH_USER_PATHS = NO;
				CLANG_ANALYZER_NONNULL = YES;
				CLANG_ANALYZER_NUMBER_OBJECT_CONVERSION = YES_AGGRESSIVE;
				CLANG_CXX_LANGUAGE_STANDARD = "gnu++17";
				CLANG_ENABLE_MODULES = YES;
				CLANG_ENABLE_OBJC_ARC = YES;
				CLANG_ENABLE_OBJC_WEAK = YES;
				CLANG_WARN_BLOCK_CAPTURE_AUTORELEASING = YES;
				CLANG_WARN_BOOL_CONVERSION = YES;
				CLANG_WARN_COMMA = YES;
				CLANG_WARN_CONSTANT_CONVERSION = YES;
				CLANG_WARN_DEPRECATED_OBJC_IMPLEMENTATIONS = YES;
				CLANG_WARN_DIRECT_OBJC_ISA_USAGE = YES_ERROR;
				CLANG_WARN_DOCUMENTATION_COMMENTS = YES;
				CLANG_WARN_EMPTY_BODY = YES;
				CLANG_WARN_ENUM_CONVERSION = YES;
				CLANG_WARN_INFINITE_RECURSION = YES;
				CLANG_WARN_INT_CONVERSION = YES;
				CLANG_WARN_NON_LITERAL_NULL_CONVERSION = YES;
				CLANG_WARN_OBJC_IMPLICIT_RETAIN_SELF = YES;
				CLANG_WARN_OBJC_LITERAL_CONVERSION = YES;
				CLANG_WARN_OBJC_ROOT_CLASS = YES_ERROR;
				CLANG_WARN_QUOTED_INCLUDE_IN_FRAMEWORK_HEADER = YES;
				CLANG_WARN_RANGE_LOOP_ANALYSIS = YES;
				CLANG_WARN_STRICT_PROTOTYPES = YES;
				CLANG_WARN_SUSPICIOUS_MOVE = YES;
				CLANG_WARN_UNGUARDED_AVAILABILITY = YES_AGGRESSIVE;
				CLANG_WARN_UNREACHABLE_CODE = YES;
				CLANG_WARN__DUPLICATE_METHOD_MATCH = YES;
				COPY_PHASE_STRIP = NO;
				DEBUG_INFORMATION_FORMAT = dwarf;
				ENABLE_STRICT_OBJC_MSGSEND = YES;
				ENABLE_TESTABILITY = YES;
				GCC_C_LANGUAGE_STANDARD = gnu11;
				GCC_DYNAMIC_NO_PIC = NO;
				GCC_NO_COMMON_BLOCKS = YES;
				GCC_OPTIMIZATION_LEVEL = 0;
				GCC_PREPROCESSOR_DEFINITIONS = (
					"DEBUG=1",
					"$(inherited)",
				);
				GCC_WARN_64_TO_32_BIT_CONVERSION = YES;
				GCC_WARN_ABOUT_RETURN_TYPE = YES_ERROR;
				GCC_WARN_UNDECLARED_SELECTOR = YES;
				GCC_WARN_UNINITIALIZED_AUTOS = YES_AGGRESSIVE;
				GCC_WARN_UNUSED_FUNCTION = YES;
				GCC_WARN_UNUSED_VARIABLE = YES;
				IPHONEOS_DEPLOYMENT_TARGET = 15.5;
				MTL_ENABLE_DEBUG_INFO = INCLUDE_SOURCE;
				MTL_FAST_MATH = YES;
				ONLY_ACTIVE_ARCH = YES;
				SDKROOT = iphoneos;
				SWIFT_ACTIVE_COMPILATION_CONDITIONS = DEBUG;
				SWIFT_OPTIMIZATION_LEVEL = "-Onone";
			};
			name = Debug;
		};
		8C63CCBC28681CD10049E3B8 /* Release */ = {
			isa = XCBuildConfiguration;
			buildSettings = {
				ALWAYS_SEARCH_USER_PATHS = NO;
				CLANG_ANALYZER_NONNULL = YES;
				CLANG_ANALYZER_NUMBER_OBJECT_CONVERSION = YES_AGGRESSIVE;
				CLANG_CXX_LANGUAGE_STANDARD = "gnu++17";
				CLANG_ENABLE_MODULES = YES;
				CLANG_ENABLE_OBJC_ARC = YES;
				CLANG_ENABLE_OBJC_WEAK = YES;
				CLANG_WARN_BLOCK_CAPTURE_AUTORELEASING = YES;
				CLANG_WARN_BOOL_CONVERSION = YES;
				CLANG_WARN_COMMA = YES;
				CLANG_WARN_CONSTANT_CONVERSION = YES;
				CLANG_WARN_DEPRECATED_OBJC_IMPLEMENTATIONS = YES;
				CLANG_WARN_DIRECT_OBJC_ISA_USAGE = YES_ERROR;
				CLANG_WARN_DOCUMENTATION_COMMENTS = YES;
				CLANG_WARN_EMPTY_BODY = YES;
				CLANG_WARN_ENUM_CONVERSION = YES;
				CLANG_WARN_INFINITE_RECURSION = YES;
				CLANG_WARN_INT_CONVERSION = YES;
				CLANG_WARN_NON_LITERAL_NULL_CONVERSION = YES;
				CLANG_WARN_OBJC_IMPLICIT_RETAIN_SELF = YES;
				CLANG_WARN_OBJC_LITERAL_CONVERSION = YES;
				CLANG_WARN_OBJC_ROOT_CLASS = YES_ERROR;
				CLANG_WARN_QUOTED_INCLUDE_IN_FRAMEWORK_HEADER = YES;
				CLANG_WARN_RANGE_LOOP_ANALYSIS = YES;
				CLANG_WARN_STRICT_PROTOTYPES = YES;
				CLANG_WARN_SUSPICIOUS_MOVE = YES;
				CLANG_WARN_UNGUARDED_AVAILABILITY = YES_AGGRESSIVE;
				CLANG_WARN_UNREACHABLE_CODE = YES;
				CLANG_WARN__DUPLICATE_METHOD_MATCH = YES;
				COPY_PHASE_STRIP = NO;
				DEBUG_INFORMATION_FORMAT = "dwarf-with-dsym";
				ENABLE_NS_ASSERTIONS = NO;
				ENABLE_STRICT_OBJC_MSGSEND = YES;
				GCC_C_LANGUAGE_STANDARD = gnu11;
				GCC_NO_COMMON_BLOCKS = YES;
				GCC_WARN_64_TO_32_BIT_CONVERSION = YES;
				GCC_WARN_ABOUT_RETURN_TYPE = YES_ERROR;
				GCC_WARN_UNDECLARED_SELECTOR = YES;
				GCC_WARN_UNINITIALIZED_AUTOS = YES_AGGRESSIVE;
				GCC_WARN_UNUSED_FUNCTION = YES;
				GCC_WARN_UNUSED_VARIABLE = YES;
				IPHONEOS_DEPLOYMENT_TARGET = 15.5;
				MTL_ENABLE_DEBUG_INFO = NO;
				MTL_FAST_MATH = YES;
				SDKROOT = iphoneos;
				SWIFT_COMPILATION_MODE = wholemodule;
				SWIFT_OPTIMIZATION_LEVEL = "-O";
				VALIDATE_PRODUCT = YES;
			};
			name = Release;
		};
		8C63CCBE28681CD10049E3B8 /* Debug */ = {
			isa = XCBuildConfiguration;
			buildSettings = {
				ASSETCATALOG_COMPILER_APPICON_NAME = AppIcon;
				ASSETCATALOG_COMPILER_GLOBAL_ACCENT_COLOR_NAME = AccentColor;
				CODE_SIGN_STYLE = Automatic;
				CURRENT_PROJECT_VERSION = 1;
				GENERATE_INFOPLIST_FILE = YES;
				INFOPLIST_FILE = helloiOS/Info.plist;
				INFOPLIST_KEY_UIApplicationSupportsIndirectInputEvents = YES;
				INFOPLIST_KEY_UILaunchStoryboardName = LaunchScreen;
				INFOPLIST_KEY_UIMainStoryboardFile = Main;
				INFOPLIST_KEY_UISupportedInterfaceOrientations_iPad = "UIInterfaceOrientationPortrait UIInterfaceOrientationPortraitUpsideDown UIInterfaceOrientationLandscapeLeft UIInterfaceOrientationLandscapeRight";
				INFOPLIST_KEY_UISupportedInterfaceOrientations_iPhone = "UIInterfaceOrientationPortrait UIInterfaceOrientationLandscapeLeft UIInterfaceOrientationLandscapeRight";
				LD_RUNPATH_SEARCH_PATHS = (
					"$(inherited)",
					"@executable_path/Frameworks",
				);
				MARKETING_VERSION = 1.0;
				PRODUCT_BUNDLE_IDENTIFIER = o920.helloiOS;
				PRODUCT_NAME = "$(TARGET_NAME)";
				SWIFT_EMIT_LOC_STRINGS = YES;
				SWIFT_VERSION = 5.0;
				TARGETED_DEVICE_FAMILY = "1,2";
			};
			name = Debug;
		};
		8C63CCBF28681CD10049E3B8 /* Release */ = {
			isa = XCBuildConfiguration;
			buildSettings = {
				ASSETCATALOG_COMPILER_APPICON_NAME = AppIcon;
				ASSETCATALOG_COMPILER_GLOBAL_ACCENT_COLOR_NAME = AccentColor;
				CODE_SIGN_STYLE = Automatic;
				CURRENT_PROJECT_VERSION = 1;
				GENERATE_INFOPLIST_FILE = YES;
				INFOPLIST_FILE = helloiOS/Info.plist;
				INFOPLIST_KEY_UIApplicationSupportsIndirectInputEvents = YES;
				INFOPLIST_KEY_UILaunchStoryboardName = LaunchScreen;
				INFOPLIST_KEY_UIMainStoryboardFile = Main;
				INFOPLIST_KEY_UISupportedInterfaceOrientations_iPad = "UIInterfaceOrientationPortrait UIInterfaceOrientationPortraitUpsideDown UIInterfaceOrientationLandscapeLeft UIInterfaceOrientationLandscapeRight";
				INFOPLIST_KEY_UISupportedInterfaceOrientations_iPhone = "UIInterfaceOrientationPortrait UIInterfaceOrientationLandscapeLeft UIInterfaceOrientationLandscapeRight";
				LD_RUNPATH_SEARCH_PATHS = (
					"$(inherited)",
					"@executable_path/Frameworks",
				);
				MARKETING_VERSION = 1.0;
				PRODUCT_BUNDLE_IDENTIFIER = o920.helloiOS;
				PRODUCT_NAME = "$(TARGET_NAME)";
				SWIFT_EMIT_LOC_STRINGS = YES;
				SWIFT_VERSION = 5.0;
				TARGETED_DEVICE_FAMILY = "1,2";
			};
			name = Release;
		};
		8C63CCC128681CD10049E3B8 /* Debug */ = {
			isa = XCBuildConfiguration;
			buildSettings = {
				ALWAYS_EMBED_SWIFT_STANDARD_LIBRARIES = YES;
				BUNDLE_LOADER = "$(TEST_HOST)";
				CODE_SIGN_STYLE = Automatic;
				CURRENT_PROJECT_VERSION = 1;
				GENERATE_INFOPLIST_FILE = YES;
				IPHONEOS_DEPLOYMENT_TARGET = 15.5;
				MARKETING_VERSION = 1.0;
				PRODUCT_BUNDLE_IDENTIFIER = o920.helloiOSTests;
				PRODUCT_NAME = "$(TARGET_NAME)";
				SWIFT_EMIT_LOC_STRINGS = NO;
				SWIFT_VERSION = 5.0;
				TARGETED_DEVICE_FAMILY = "1,2";
				TEST_HOST = "$(BUILT_PRODUCTS_DIR)/helloiOS.app/helloiOS";
			};
			name = Debug;
		};
		8C63CCC228681CD10049E3B8 /* Release */ = {
			isa = XCBuildConfiguration;
			buildSettings = {
				ALWAYS_EMBED_SWIFT_STANDARD_LIBRARIES = YES;
				BUNDLE_LOADER = "$(TEST_HOST)";
				CODE_SIGN_STYLE = Automatic;
				CURRENT_PROJECT_VERSION = 1;
				GENERATE_INFOPLIST_FILE = YES;
				IPHONEOS_DEPLOYMENT_TARGET = 15.5;
				MARKETING_VERSION = 1.0;
				PRODUCT_BUNDLE_IDENTIFIER = o920.helloiOSTests;
				PRODUCT_NAME = "$(TARGET_NAME)";
				SWIFT_EMIT_LOC_STRINGS = NO;
				SWIFT_VERSION = 5.0;
				TARGETED_DEVICE_FAMILY = "1,2";
				TEST_HOST = "$(BUILT_PRODUCTS_DIR)/helloiOS.app/helloiOS";
			};
			name = Release;
		};
		8C63CCC428681CD10049E3B8 /* Debug */ = {
			isa = XCBuildConfiguration;
			buildSettings = {
				ALWAYS_EMBED_SWIFT_STANDARD_LIBRARIES = YES;
				CODE_SIGN_STYLE = Automatic;
				CURRENT_PROJECT_VERSION = 1;
				GENERATE_INFOPLIST_FILE = YES;
				MARKETING_VERSION = 1.0;
				PRODUCT_BUNDLE_IDENTIFIER = o920.helloiOSUITests;
				PRODUCT_NAME = "$(TARGET_NAME)";
				SWIFT_EMIT_LOC_STRINGS = NO;
				SWIFT_VERSION = 5.0;
				TARGETED_DEVICE_FAMILY = "1,2";
				TEST_TARGET_NAME = helloiOS;
			};
			name = Debug;
		};
		8C63CCC528681CD10049E3B8 /* Release */ = {
			isa = XCBuildConfiguration;
			buildSettings = {
				ALWAYS_EMBED_SWIFT_STANDARD_LIBRARIES = YES;
				CODE_SIGN_STYLE = Automatic;
				CURRENT_PROJECT_VERSION = 1;
				GENERATE_INFOPLIST_FILE = YES;
				MARKETING_VERSION = 1.0;
				PRODUCT_BUNDLE_IDENTIFIER = o920.helloiOSUITests;
				PRODUCT_NAME = "$(TARGET_NAME)";
				SWIFT_EMIT_LOC_STRINGS = NO;
				SWIFT_VERSION = 5.0;
				TARGETED_DEVICE_FAMILY = "1,2";
				TEST_TARGET_NAME = helloiOS;
			};
			name = Release;
		};
/* End XCBuildConfiguration section */

/* Begin XCConfigurationList section */
		8C63CC8E28681CD00049E3B8 /* Build configuration list for PBXProject "helloiOS" */ = {
			isa = XCConfigurationList;
			buildConfigurations = (
				8C63CCBB28681CD10049E3B8 /* Debug */,
				8C63CCBC28681CD10049E3B8 /* Release */,
			);
			defaultConfigurationIsVisible = 0;
			defaultConfigurationName = Release;
		};
		8C63CCBD28681CD10049E3B8 /* Build configuration list for PBXNativeTarget "helloiOS" */ = {
			isa = XCConfigurationList;
			buildConfigurations = (
				8C63CCBE28681CD10049E3B8 /* Debug */,
				8C63CCBF28681CD10049E3B8 /* Release */,
			);
			defaultConfigurationIsVisible = 0;
			defaultConfigurationName = Release;
		};
		8C63CCC028681CD10049E3B8 /* Build configuration list for PBXNativeTarget "helloiOSTests" */ = {
			isa = XCConfigurationList;
			buildConfigurations = (
				8C63CCC128681CD10049E3B8 /* Debug */,
				8C63CCC228681CD10049E3B8 /* Release */,
			);
			defaultConfigurationIsVisible = 0;
			defaultConfigurationName = Release;
		};
		8C63CCC328681CD10049E3B8 /* Build configuration list for PBXNativeTarget "helloiOSUITests" */ = {
			isa = XCConfigurationList;
			buildConfigurations = (
				8C63CCC428681CD10049E3B8 /* Debug */,
				8C63CCC528681CD10049E3B8 /* Release */,
			);
			defaultConfigurationIsVisible = 0;
			defaultConfigurationName = Release;
		};
/* End XCConfigurationList section */
	};
	rootObject = 8C63CC8B28681CD00049E3B8 /* Project object */;
}
