// !$*UTF8*$!
{
	archiveVersion = 1;
	classes = {
	};
	objectVersion = 55;
	objects = {

/* Begin PBXBuildFile section */
		8C3E2526286FBF29003CD0C0 /* AppDelegate.swift in Sources */ = {isa = PBXBuildFile; fileRef = 8C3E2525286FBF29003CD0C0 /* AppDelegate.swift */; };
		8C3E2528286FBF29003CD0C0 /* SceneDelegate.swift in Sources */ = {isa = PBXBuildFile; fileRef = 8C3E2527286FBF29003CD0C0 /* SceneDelegate.swift */; };
		8C3E252D286FBF29003CD0C0 /* Main.storyboard in Resources */ = {isa = PBXBuildFile; fileRef = 8C3E252B286FBF29003CD0C0 /* Main.storyboard */; };
		8C3E252F286FBF2A003CD0C0 /* Assets.xcassets in Resources */ = {isa = PBXBuildFile; fileRef = 8C3E252E286FBF2A003CD0C0 /* Assets.xcassets */; };
		8C3E2532286FBF2A003CD0C0 /* LaunchScreen.storyboard in Resources */ = {isa = PBXBuildFile; fileRef = 8C3E2530286FBF2A003CD0C0 /* LaunchScreen.storyboard */; };
		8C3E253D286FBF2A003CD0C0 /* SymbolRollerTests.swift in Sources */ = {isa = PBXBuildFile; fileRef = 8C3E253C286FBF2A003CD0C0 /* SymbolRollerTests.swift */; };
		8C3E2547286FBF2A003CD0C0 /* SymbolRollerUITests.swift in Sources */ = {isa = PBXBuildFile; fileRef = 8C3E2546286FBF2A003CD0C0 /* SymbolRollerUITests.swift */; };
		8C3E2549286FBF2A003CD0C0 /* SymbolRollerUITestsLaunchTests.swift in Sources */ = {isa = PBXBuildFile; fileRef = 8C3E2548286FBF2A003CD0C0 /* SymbolRollerUITestsLaunchTests.swift */; };
		8C3E2556286FC24E003CD0C0 /* SymbolViewController.swift in Sources */ = {isa = PBXBuildFile; fileRef = 8C3E2555286FC24E003CD0C0 /* SymbolViewController.swift */; };
/* End PBXBuildFile section */

/* Begin PBXContainerItemProxy section */
		8C3E2539286FBF2A003CD0C0 /* PBXContainerItemProxy */ = {
			isa = PBXContainerItemProxy;
			containerPortal = 8C3E251A286FBF29003CD0C0 /* Project object */;
			proxyType = 1;
			remoteGlobalIDString = 8C3E2521286FBF29003CD0C0;
			remoteInfo = SymbolRoller;
		};
		8C3E2543286FBF2A003CD0C0 /* PBXContainerItemProxy */ = {
			isa = PBXContainerItemProxy;
			containerPortal = 8C3E251A286FBF29003CD0C0 /* Project object */;
			proxyType = 1;
			remoteGlobalIDString = 8C3E2521286FBF29003CD0C0;
			remoteInfo = SymbolRoller;
		};
/* End PBXContainerItemProxy section */

/* Begin PBXFileReference section */
		8C3E2522286FBF29003CD0C0 /* SymbolRoller.app */ = {isa = PBXFileReference; explicitFileType = wrapper.application; includeInIndex = 0; path = SymbolRoller.app; sourceTree = BUILT_PRODUCTS_DIR; };
		8C3E2525286FBF29003CD0C0 /* AppDelegate.swift */ = {isa = PBXFileReference; lastKnownFileType = sourcecode.swift; path = AppDelegate.swift; sourceTree = "<group>"; };
		8C3E2527286FBF29003CD0C0 /* SceneDelegate.swift */ = {isa = PBXFileReference; lastKnownFileType = sourcecode.swift; path = SceneDelegate.swift; sourceTree = "<group>"; };
		8C3E252C286FBF29003CD0C0 /* Base */ = {isa = PBXFileReference; lastKnownFileType = file.storyboard; name = Base; path = Base.lproj/Main.storyboard; sourceTree = "<group>"; };
		8C3E252E286FBF2A003CD0C0 /* Assets.xcassets */ = {isa = PBXFileReference; lastKnownFileType = folder.assetcatalog; path = Assets.xcassets; sourceTree = "<group>"; };
		8C3E2531286FBF2A003CD0C0 /* Base */ = {isa = PBXFileReference; lastKnownFileType = file.storyboard; name = Base; path = Base.lproj/LaunchScreen.storyboard; sourceTree = "<group>"; };
		8C3E2533286FBF2A003CD0C0 /* Info.plist */ = {isa = PBXFileReference; lastKnownFileType = text.plist.xml; path = Info.plist; sourceTree = "<group>"; };
		8C3E2538286FBF2A003CD0C0 /* SymbolRollerTests.xctest */ = {isa = PBXFileReference; explicitFileType = wrapper.cfbundle; includeInIndex = 0; path = SymbolRollerTests.xctest; sourceTree = BUILT_PRODUCTS_DIR; };
		8C3E253C286FBF2A003CD0C0 /* SymbolRollerTests.swift */ = {isa = PBXFileReference; lastKnownFileType = sourcecode.swift; path = SymbolRollerTests.swift; sourceTree = "<group>"; };
		8C3E2542286FBF2A003CD0C0 /* SymbolRollerUITests.xctest */ = {isa = PBXFileReference; explicitFileType = wrapper.cfbundle; includeInIndex = 0; path = SymbolRollerUITests.xctest; sourceTree = BUILT_PRODUCTS_DIR; };
		8C3E2546286FBF2A003CD0C0 /* SymbolRollerUITests.swift */ = {isa = PBXFileReference; lastKnownFileType = sourcecode.swift; path = SymbolRollerUITests.swift; sourceTree = "<group>"; };
		8C3E2548286FBF2A003CD0C0 /* SymbolRollerUITestsLaunchTests.swift */ = {isa = PBXFileReference; lastKnownFileType = sourcecode.swift; path = SymbolRollerUITestsLaunchTests.swift; sourceTree = "<group>"; };
		8C3E2555286FC24E003CD0C0 /* SymbolViewController.swift */ = {isa = PBXFileReference; lastKnownFileType = sourcecode.swift; path = SymbolViewController.swift; sourceTree = "<group>"; };
/* End PBXFileReference section */

/* Begin PBXFrameworksBuildPhase section */
		8C3E251F286FBF29003CD0C0 /* Frameworks */ = {
			isa = PBXFrameworksBuildPhase;
			buildActionMask = 2147483647;
			files = (
			);
			runOnlyForDeploymentPostprocessing = 0;
		};
		8C3E2535286FBF2A003CD0C0 /* Frameworks */ = {
			isa = PBXFrameworksBuildPhase;
			buildActionMask = 2147483647;
			files = (
			);
			runOnlyForDeploymentPostprocessing = 0;
		};
		8C3E253F286FBF2A003CD0C0 /* Frameworks */ = {
			isa = PBXFrameworksBuildPhase;
			buildActionMask = 2147483647;
			files = (
			);
			runOnlyForDeploymentPostprocessing = 0;
		};
/* End PBXFrameworksBuildPhase section */

/* Begin PBXGroup section */
		8C3E2519286FBF29003CD0C0 = {
			isa = PBXGroup;
			children = (
				8C3E2524286FBF29003CD0C0 /* SymbolRoller */,
				8C3E253B286FBF2A003CD0C0 /* SymbolRollerTests */,
				8C3E2545286FBF2A003CD0C0 /* SymbolRollerUITests */,
				8C3E2523286FBF29003CD0C0 /* Products */,
			);
			sourceTree = "<group>";
		};
		8C3E2523286FBF29003CD0C0 /* Products */ = {
			isa = PBXGroup;
			children = (
				8C3E2522286FBF29003CD0C0 /* SymbolRoller.app */,
				8C3E2538286FBF2A003CD0C0 /* SymbolRollerTests.xctest */,
				8C3E2542286FBF2A003CD0C0 /* SymbolRollerUITests.xctest */,
			);
			name = Products;
			sourceTree = "<group>";
		};
		8C3E2524286FBF29003CD0C0 /* SymbolRoller */ = {
			isa = PBXGroup;
			children = (
				8C3E2525286FBF29003CD0C0 /* AppDelegate.swift */,
				8C3E2527286FBF29003CD0C0 /* SceneDelegate.swift */,
				8C3E252B286FBF29003CD0C0 /* Main.storyboard */,
				8C3E252E286FBF2A003CD0C0 /* Assets.xcassets */,
				8C3E2530286FBF2A003CD0C0 /* LaunchScreen.storyboard */,
				8C3E2555286FC24E003CD0C0 /* SymbolViewController.swift */,
				8C3E2533286FBF2A003CD0C0 /* Info.plist */,
			);
			path = SymbolRoller;
			sourceTree = "<group>";
		};
		8C3E253B286FBF2A003CD0C0 /* SymbolRollerTests */ = {
			isa = PBXGroup;
			children = (
				8C3E253C286FBF2A003CD0C0 /* SymbolRollerTests.swift */,
			);
			path = SymbolRollerTests;
			sourceTree = "<group>";
		};
		8C3E2545286FBF2A003CD0C0 /* SymbolRollerUITests */ = {
			isa = PBXGroup;
			children = (
				8C3E2546286FBF2A003CD0C0 /* SymbolRollerUITests.swift */,
				8C3E2548286FBF2A003CD0C0 /* SymbolRollerUITestsLaunchTests.swift */,
			);
			path = SymbolRollerUITests;
			sourceTree = "<group>";
		};
/* End PBXGroup section */

/* Begin PBXNativeTarget section */
		8C3E2521286FBF29003CD0C0 /* SymbolRoller */ = {
			isa = PBXNativeTarget;
			buildConfigurationList = 8C3E254C286FBF2A003CD0C0 /* Build configuration list for PBXNativeTarget "SymbolRoller" */;
			buildPhases = (
				8C3E251E286FBF29003CD0C0 /* Sources */,
				8C3E251F286FBF29003CD0C0 /* Frameworks */,
				8C3E2520286FBF29003CD0C0 /* Resources */,
			);
			buildRules = (
			);
			dependencies = (
			);
			name = SymbolRoller;
			productName = SymbolRoller;
			productReference = 8C3E2522286FBF29003CD0C0 /* SymbolRoller.app */;
			productType = "com.apple.product-type.application";
		};
		8C3E2537286FBF2A003CD0C0 /* SymbolRollerTests */ = {
			isa = PBXNativeTarget;
			buildConfigurationList = 8C3E254F286FBF2A003CD0C0 /* Build configuration list for PBXNativeTarget "SymbolRollerTests" */;
			buildPhases = (
				8C3E2534286FBF2A003CD0C0 /* Sources */,
				8C3E2535286FBF2A003CD0C0 /* Frameworks */,
				8C3E2536286FBF2A003CD0C0 /* Resources */,
			);
			buildRules = (
			);
			dependencies = (
				8C3E253A286FBF2A003CD0C0 /* PBXTargetDependency */,
			);
			name = SymbolRollerTests;
			productName = SymbolRollerTests;
			productReference = 8C3E2538286FBF2A003CD0C0 /* SymbolRollerTests.xctest */;
			productType = "com.apple.product-type.bundle.unit-test";
		};
		8C3E2541286FBF2A003CD0C0 /* SymbolRollerUITests */ = {
			isa = PBXNativeTarget;
			buildConfigurationList = 8C3E2552286FBF2A003CD0C0 /* Build configuration list for PBXNativeTarget "SymbolRollerUITests" */;
			buildPhases = (
				8C3E253E286FBF2A003CD0C0 /* Sources */,
				8C3E253F286FBF2A003CD0C0 /* Frameworks */,
				8C3E2540286FBF2A003CD0C0 /* Resources */,
			);
			buildRules = (
			);
			dependencies = (
				8C3E2544286FBF2A003CD0C0 /* PBXTargetDependency */,
			);
			name = SymbolRollerUITests;
			productName = SymbolRollerUITests;
			productReference = 8C3E2542286FBF2A003CD0C0 /* SymbolRollerUITests.xctest */;
			productType = "com.apple.product-type.bundle.ui-testing";
		};
/* End PBXNativeTarget section */

/* Begin PBXProject section */
		8C3E251A286FBF29003CD0C0 /* Project object */ = {
			isa = PBXProject;
			attributes = {
				BuildIndependentTargetsInParallel = 1;
				LastSwiftUpdateCheck = 1340;
				LastUpgradeCheck = 1340;
				TargetAttributes = {
					8C3E2521286FBF29003CD0C0 = {
						CreatedOnToolsVersion = 13.4.1;
					};
					8C3E2537286FBF2A003CD0C0 = {
						CreatedOnToolsVersion = 13.4.1;
						TestTargetID = 8C3E2521286FBF29003CD0C0;
					};
					8C3E2541286FBF2A003CD0C0 = {
						CreatedOnToolsVersion = 13.4.1;
						TestTargetID = 8C3E2521286FBF29003CD0C0;
					};
				};
			};
			buildConfigurationList = 8C3E251D286FBF29003CD0C0 /* Build configuration list for PBXProject "SymbolRoller" */;
			compatibilityVersion = "Xcode 13.0";
			developmentRegion = en;
			hasScannedForEncodings = 0;
			knownRegions = (
				en,
				Base,
			);
			mainGroup = 8C3E2519286FBF29003CD0C0;
			productRefGroup = 8C3E2523286FBF29003CD0C0 /* Products */;
			projectDirPath = "";
			projectRoot = "";
			targets = (
				8C3E2521286FBF29003CD0C0 /* SymbolRoller */,
				8C3E2537286FBF2A003CD0C0 /* SymbolRollerTests */,
				8C3E2541286FBF2A003CD0C0 /* SymbolRollerUITests */,
			);
		};
/* End PBXProject section */

/* Begin PBXResourcesBuildPhase section */
		8C3E2520286FBF29003CD0C0 /* Resources */ = {
			isa = PBXResourcesBuildPhase;
			buildActionMask = 2147483647;
			files = (
				8C3E2532286FBF2A003CD0C0 /* LaunchScreen.storyboard in Resources */,
				8C3E252F286FBF2A003CD0C0 /* Assets.xcassets in Resources */,
				8C3E252D286FBF29003CD0C0 /* Main.storyboard in Resources */,
			);
			runOnlyForDeploymentPostprocessing = 0;
		};
		8C3E2536286FBF2A003CD0C0 /* Resources */ = {
			isa = PBXResourcesBuildPhase;
			buildActionMask = 2147483647;
			files = (
			);
			runOnlyForDeploymentPostprocessing = 0;
		};
		8C3E2540286FBF2A003CD0C0 /* Resources */ = {
			isa = PBXResourcesBuildPhase;
			buildActionMask = 2147483647;
			files = (
			);
			runOnlyForDeploymentPostprocessing = 0;
		};
/* End PBXResourcesBuildPhase section */

/* Begin PBXSourcesBuildPhase section */
		8C3E251E286FBF29003CD0C0 /* Sources */ = {
			isa = PBXSourcesBuildPhase;
			buildActionMask = 2147483647;
			files = (
				8C3E2526286FBF29003CD0C0 /* AppDelegate.swift in Sources */,
				8C3E2528286FBF29003CD0C0 /* SceneDelegate.swift in Sources */,
				8C3E2556286FC24E003CD0C0 /* SymbolViewController.swift in Sources */,
			);
			runOnlyForDeploymentPostprocessing = 0;
		};
		8C3E2534286FBF2A003CD0C0 /* Sources */ = {
			isa = PBXSourcesBuildPhase;
			buildActionMask = 2147483647;
			files = (
				8C3E253D286FBF2A003CD0C0 /* SymbolRollerTests.swift in Sources */,
			);
			runOnlyForDeploymentPostprocessing = 0;
		};
		8C3E253E286FBF2A003CD0C0 /* Sources */ = {
			isa = PBXSourcesBuildPhase;
			buildActionMask = 2147483647;
			files = (
				8C3E2549286FBF2A003CD0C0 /* SymbolRollerUITestsLaunchTests.swift in Sources */,
				8C3E2547286FBF2A003CD0C0 /* SymbolRollerUITests.swift in Sources */,
			);
			runOnlyForDeploymentPostprocessing = 0;
		};
/* End PBXSourcesBuildPhase section */

/* Begin PBXTargetDependency section */
		8C3E253A286FBF2A003CD0C0 /* PBXTargetDependency */ = {
			isa = PBXTargetDependency;
			target = 8C3E2521286FBF29003CD0C0 /* SymbolRoller */;
			targetProxy = 8C3E2539286FBF2A003CD0C0 /* PBXContainerItemProxy */;
		};
		8C3E2544286FBF2A003CD0C0 /* PBXTargetDependency */ = {
			isa = PBXTargetDependency;
			target = 8C3E2521286FBF29003CD0C0 /* SymbolRoller */;
			targetProxy = 8C3E2543286FBF2A003CD0C0 /* PBXContainerItemProxy */;
		};
/* End PBXTargetDependency section */

/* Begin PBXVariantGroup section */
		8C3E252B286FBF29003CD0C0 /* Main.storyboard */ = {
			isa = PBXVariantGroup;
			children = (
				8C3E252C286FBF29003CD0C0 /* Base */,
			);
			name = Main.storyboard;
			sourceTree = "<group>";
		};
		8C3E2530286FBF2A003CD0C0 /* LaunchScreen.storyboard */ = {
			isa = PBXVariantGroup;
			children = (
				8C3E2531286FBF2A003CD0C0 /* Base */,
			);
			name = LaunchScreen.storyboard;
			sourceTree = "<group>";
		};
/* End PBXVariantGroup section */

/* Begin XCBuildConfiguration section */
		8C3E254A286FBF2A003CD0C0 /* Debug */ = {
			isa = XCBuildConfiguration;
			buildSettings = {
				ALWAYS_SEARCH_USER_PATHS = NO;
				CLANG_ANALYZER_NONNULL = YES;
				CLANG_ANALYZER_NUMBER_OBJECT_CONVERSION = YES_AGGRESSIVE;
				CLANG_CXX_LANGUAGE_STANDARD = "gnu++17";
				CLANG_ENABLE_MODULES = YES;
				CLANG_ENABLE_OBJC_ARC = YES;
				CLANG_ENABLE_OBJC_WEAK = YES;
				CLANG_WARN_BLOCK_CAPTURE_AUTORELEASING = YES;
				CLANG_WARN_BOOL_CONVERSION = YES;
				CLANG_WARN_COMMA = YES;
				CLANG_WARN_CONSTANT_CONVERSION = YES;
				CLANG_WARN_DEPRECATED_OBJC_IMPLEMENTATIONS = YES;
				CLANG_WARN_DIRECT_OBJC_ISA_USAGE = YES_ERROR;
				CLANG_WARN_DOCUMENTATION_COMMENTS = YES;
				CLANG_WARN_EMPTY_BODY = YES;
				CLANG_WARN_ENUM_CONVERSION = YES;
				CLANG_WARN_INFINITE_RECURSION = YES;
				CLANG_WARN_INT_CONVERSION = YES;
				CLANG_WARN_NON_LITERAL_NULL_CONVERSION = YES;
				CLANG_WARN_OBJC_IMPLICIT_RETAIN_SELF = YES;
				CLANG_WARN_OBJC_LITERAL_CONVERSION = YES;
				CLANG_WARN_OBJC_ROOT_CLASS = YES_ERROR;
				CLANG_WARN_QUOTED_INCLUDE_IN_FRAMEWORK_HEADER = YES;
				CLANG_WARN_RANGE_LOOP_ANALYSIS = YES;
				CLANG_WARN_STRICT_PROTOTYPES = YES;
				CLANG_WARN_SUSPICIOUS_MOVE = YES;
				CLANG_WARN_UNGUARDED_AVAILABILITY = YES_AGGRESSIVE;
				CLANG_WARN_UNREACHABLE_CODE = YES;
				CLANG_WARN__DUPLICATE_METHOD_MATCH = YES;
				COPY_PHASE_STRIP = NO;
				DEBUG_INFORMATION_FORMAT = dwarf;
				ENABLE_STRICT_OBJC_MSGSEND = YES;
				ENABLE_TESTABILITY = YES;
				GCC_C_LANGUAGE_STANDARD = gnu11;
				GCC_DYNAMIC_NO_PIC = NO;
				GCC_NO_COMMON_BLOCKS = YES;
				GCC_OPTIMIZATION_LEVEL = 0;
				GCC_PREPROCESSOR_DEFINITIONS = (
					"DEBUG=1",
					"$(inherited)",
				);
				GCC_WARN_64_TO_32_BIT_CONVERSION = YES;
				GCC_WARN_ABOUT_RETURN_TYPE = YES_ERROR;
				GCC_WARN_UNDECLARED_SELECTOR = YES;
				GCC_WARN_UNINITIALIZED_AUTOS = YES_AGGRESSIVE;
				GCC_WARN_UNUSED_FUNCTION = YES;
				GCC_WARN_UNUSED_VARIABLE = YES;
				IPHONEOS_DEPLOYMENT_TARGET = 15.5;
				MTL_ENABLE_DEBUG_INFO = INCLUDE_SOURCE;
				MTL_FAST_MATH = YES;
				ONLY_ACTIVE_ARCH = YES;
				SDKROOT = iphoneos;
				SWIFT_ACTIVE_COMPILATION_CONDITIONS = DEBUG;
				SWIFT_OPTIMIZATION_LEVEL = "-Onone";
			};
			name = Debug;
		};
		8C3E254B286FBF2A003CD0C0 /* Release */ = {
			isa = XCBuildConfiguration;
			buildSettings = {
				ALWAYS_SEARCH_USER_PATHS = NO;
				CLANG_ANALYZER_NONNULL = YES;
				CLANG_ANALYZER_NUMBER_OBJECT_CONVERSION = YES_AGGRESSIVE;
				CLANG_CXX_LANGUAGE_STANDARD = "gnu++17";
				CLANG_ENABLE_MODULES = YES;
				CLANG_ENABLE_OBJC_ARC = YES;
				CLANG_ENABLE_OBJC_WEAK = YES;
				CLANG_WARN_BLOCK_CAPTURE_AUTORELEASING = YES;
				CLANG_WARN_BOOL_CONVERSION = YES;
				CLANG_WARN_COMMA = YES;
				CLANG_WARN_CONSTANT_CONVERSION = YES;
				CLANG_WARN_DEPRECATED_OBJC_IMPLEMENTATIONS = YES;
				CLANG_WARN_DIRECT_OBJC_ISA_USAGE = YES_ERROR;
				CLANG_WARN_DOCUMENTATION_COMMENTS = YES;
				CLANG_WARN_EMPTY_BODY = YES;
				CLANG_WARN_ENUM_CONVERSION = YES;
				CLANG_WARN_INFINITE_RECURSION = YES;
				CLANG_WARN_INT_CONVERSION = YES;
				CLANG_WARN_NON_LITERAL_NULL_CONVERSION = YES;
				CLANG_WARN_OBJC_IMPLICIT_RETAIN_SELF = YES;
				CLANG_WARN_OBJC_LITERAL_CONVERSION = YES;
				CLANG_WARN_OBJC_ROOT_CLASS = YES_ERROR;
				CLANG_WARN_QUOTED_INCLUDE_IN_FRAMEWORK_HEADER = YES;
				CLANG_WARN_RANGE_LOOP_ANALYSIS = YES;
				CLANG_WARN_STRICT_PROTOTYPES = YES;
				CLANG_WARN_SUSPICIOUS_MOVE = YES;
				CLANG_WARN_UNGUARDED_AVAILABILITY = YES_AGGRESSIVE;
				CLANG_WARN_UNREACHABLE_CODE = YES;
				CLANG_WARN__DUPLICATE_METHOD_MATCH = YES;
				COPY_PHASE_STRIP = NO;
				DEBUG_INFORMATION_FORMAT = "dwarf-with-dsym";
				ENABLE_NS_ASSERTIONS = NO;
				ENABLE_STRICT_OBJC_MSGSEND = YES;
				GCC_C_LANGUAGE_STANDARD = gnu11;
				GCC_NO_COMMON_BLOCKS = YES;
				GCC_WARN_64_TO_32_BIT_CONVERSION = YES;
				GCC_WARN_ABOUT_RETURN_TYPE = YES_ERROR;
				GCC_WARN_UNDECLARED_SELECTOR = YES;
				GCC_WARN_UNINITIALIZED_AUTOS = YES_AGGRESSIVE;
				GCC_WARN_UNUSED_FUNCTION = YES;
				GCC_WARN_UNUSED_VARIABLE = YES;
				IPHONEOS_DEPLOYMENT_TARGET = 15.5;
				MTL_ENABLE_DEBUG_INFO = NO;
				MTL_FAST_MATH = YES;
				SDKROOT = iphoneos;
				SWIFT_COMPILATION_MODE = wholemodule;
				SWIFT_OPTIMIZATION_LEVEL = "-O";
				VALIDATE_PRODUCT = YES;
			};
			name = Release;
		};
		8C3E254D286FBF2A003CD0C0 /* Debug */ = {
			isa = XCBuildConfiguration;
			buildSettings = {
				ASSETCATALOG_COMPILER_APPICON_NAME = AppIcon;
				ASSETCATALOG_COMPILER_GLOBAL_ACCENT_COLOR_NAME = AccentColor;
				CODE_SIGN_STYLE = Automatic;
				CURRENT_PROJECT_VERSION = 1;
				GENERATE_INFOPLIST_FILE = YES;
				INFOPLIST_FILE = SymbolRoller/Info.plist;
				INFOPLIST_KEY_UIApplicationSupportsIndirectInputEvents = YES;
				INFOPLIST_KEY_UILaunchStoryboardName = LaunchScreen;
				INFOPLIST_KEY_UIMainStoryboardFile = Main;
				INFOPLIST_KEY_UISupportedInterfaceOrientations_iPad = "UIInterfaceOrientationPortrait UIInterfaceOrientationPortraitUpsideDown UIInterfaceOrientationLandscapeLeft UIInterfaceOrientationLandscapeRight";
				INFOPLIST_KEY_UISupportedInterfaceOrientations_iPhone = "UIInterfaceOrientationPortrait UIInterfaceOrientationLandscapeLeft UIInterfaceOrientationLandscapeRight";
				LD_RUNPATH_SEARCH_PATHS = (
					"$(inherited)",
					"@executable_path/Frameworks",
				);
				MARKETING_VERSION = 1.0;
				PRODUCT_BUNDLE_IDENTIFIER = o920.SymbolRoller;
				PRODUCT_NAME = "$(TARGET_NAME)";
				SWIFT_EMIT_LOC_STRINGS = YES;
				SWIFT_VERSION = 5.0;
				TARGETED_DEVICE_FAMILY = "1,2";
			};
			name = Debug;
		};
		8C3E254E286FBF2A003CD0C0 /* Release */ = {
			isa = XCBuildConfiguration;
			buildSettings = {
				ASSETCATALOG_COMPILER_APPICON_NAME = AppIcon;
				ASSETCATALOG_COMPILER_GLOBAL_ACCENT_COLOR_NAME = AccentColor;
				CODE_SIGN_STYLE = Automatic;
				CURRENT_PROJECT_VERSION = 1;
				GENERATE_INFOPLIST_FILE = YES;
				INFOPLIST_FILE = SymbolRoller/Info.plist;
				INFOPLIST_KEY_UIApplicationSupportsIndirectInputEvents = YES;
				INFOPLIST_KEY_UILaunchStoryboardName = LaunchScreen;
				INFOPLIST_KEY_UIMainStoryboardFile = Main;
				INFOPLIST_KEY_UISupportedInterfaceOrientations_iPad = "UIInterfaceOrientationPortrait UIInterfaceOrientationPortraitUpsideDown UIInterfaceOrientationLandscapeLeft UIInterfaceOrientationLandscapeRight";
				INFOPLIST_KEY_UISupportedInterfaceOrientations_iPhone = "UIInterfaceOrientationPortrait UIInterfaceOrientationLandscapeLeft UIInterfaceOrientationLandscapeRight";
				LD_RUNPATH_SEARCH_PATHS = (
					"$(inherited)",
					"@executable_path/Frameworks",
				);
				MARKETING_VERSION = 1.0;
				PRODUCT_BUNDLE_IDENTIFIER = o920.SymbolRoller;
				PRODUCT_NAME = "$(TARGET_NAME)";
				SWIFT_EMIT_LOC_STRINGS = YES;
				SWIFT_VERSION = 5.0;
				TARGETED_DEVICE_FAMILY = "1,2";
			};
			name = Release;
		};
		8C3E2550286FBF2A003CD0C0 /* Debug */ = {
			isa = XCBuildConfiguration;
			buildSettings = {
				ALWAYS_EMBED_SWIFT_STANDARD_LIBRARIES = YES;
				BUNDLE_LOADER = "$(TEST_HOST)";
				CODE_SIGN_STYLE = Automatic;
				CURRENT_PROJECT_VERSION = 1;
				GENERATE_INFOPLIST_FILE = YES;
				IPHONEOS_DEPLOYMENT_TARGET = 15.5;
				MARKETING_VERSION = 1.0;
				PRODUCT_BUNDLE_IDENTIFIER = o920.SymbolRollerTests;
				PRODUCT_NAME = "$(TARGET_NAME)";
				SWIFT_EMIT_LOC_STRINGS = NO;
				SWIFT_VERSION = 5.0;
				TARGETED_DEVICE_FAMILY = "1,2";
				TEST_HOST = "$(BUILT_PRODUCTS_DIR)/SymbolRoller.app/SymbolRoller";
			};
			name = Debug;
		};
		8C3E2551286FBF2A003CD0C0 /* Release */ = {
			isa = XCBuildConfiguration;
			buildSettings = {
				ALWAYS_EMBED_SWIFT_STANDARD_LIBRARIES = YES;
				BUNDLE_LOADER = "$(TEST_HOST)";
				CODE_SIGN_STYLE = Automatic;
				CURRENT_PROJECT_VERSION = 1;
				GENERATE_INFOPLIST_FILE = YES;
				IPHONEOS_DEPLOYMENT_TARGET = 15.5;
				MARKETING_VERSION = 1.0;
				PRODUCT_BUNDLE_IDENTIFIER = o920.SymbolRollerTests;
				PRODUCT_NAME = "$(TARGET_NAME)";
				SWIFT_EMIT_LOC_STRINGS = NO;
				SWIFT_VERSION = 5.0;
				TARGETED_DEVICE_FAMILY = "1,2";
				TEST_HOST = "$(BUILT_PRODUCTS_DIR)/SymbolRoller.app/SymbolRoller";
			};
			name = Release;
		};
		8C3E2553286FBF2A003CD0C0 /* Debug */ = {
			isa = XCBuildConfiguration;
			buildSettings = {
				ALWAYS_EMBED_SWIFT_STANDARD_LIBRARIES = YES;
				CODE_SIGN_STYLE = Automatic;
				CURRENT_PROJECT_VERSION = 1;
				GENERATE_INFOPLIST_FILE = YES;
				MARKETING_VERSION = 1.0;
				PRODUCT_BUNDLE_IDENTIFIER = o920.SymbolRollerUITests;
				PRODUCT_NAME = "$(TARGET_NAME)";
				SWIFT_EMIT_LOC_STRINGS = NO;
				SWIFT_VERSION = 5.0;
				TARGETED_DEVICE_FAMILY = "1,2";
				TEST_TARGET_NAME = SymbolRoller;
			};
			name = Debug;
		};
		8C3E2554286FBF2A003CD0C0 /* Release */ = {
			isa = XCBuildConfiguration;
			buildSettings = {
				ALWAYS_EMBED_SWIFT_STANDARD_LIBRARIES = YES;
				CODE_SIGN_STYLE = Automatic;
				CURRENT_PROJECT_VERSION = 1;
				GENERATE_INFOPLIST_FILE = YES;
				MARKETING_VERSION = 1.0;
				PRODUCT_BUNDLE_IDENTIFIER = o920.SymbolRollerUITests;
				PRODUCT_NAME = "$(TARGET_NAME)";
				SWIFT_EMIT_LOC_STRINGS = NO;
				SWIFT_VERSION = 5.0;
				TARGETED_DEVICE_FAMILY = "1,2";
				TEST_TARGET_NAME = SymbolRoller;
			};
			name = Release;
		};
/* End XCBuildConfiguration section */

/* Begin XCConfigurationList section */
		8C3E251D286FBF29003CD0C0 /* Build configuration list for PBXProject "SymbolRoller" */ = {
			isa = XCConfigurationList;
			buildConfigurations = (
				8C3E254A286FBF2A003CD0C0 /* Debug */,
				8C3E254B286FBF2A003CD0C0 /* Release */,
			);
			defaultConfigurationIsVisible = 0;
			defaultConfigurationName = Release;
		};
		8C3E254C286FBF2A003CD0C0 /* Build configuration list for PBXNativeTarget "SymbolRoller" */ = {
			isa = XCConfigurationList;
			buildConfigurations = (
				8C3E254D286FBF2A003CD0C0 /* Debug */,
				8C3E254E286FBF2A003CD0C0 /* Release */,
			);
			defaultConfigurationIsVisible = 0;
			defaultConfigurationName = Release;
		};
		8C3E254F286FBF2A003CD0C0 /* Build configuration list for PBXNativeTarget "SymbolRollerTests" */ = {
			isa = XCConfigurationList;
			buildConfigurations = (
				8C3E2550286FBF2A003CD0C0 /* Debug */,
				8C3E2551286FBF2A003CD0C0 /* Release */,
			);
			defaultConfigurationIsVisible = 0;
			defaultConfigurationName = Release;
		};
		8C3E2552286FBF2A003CD0C0 /* Build configuration list for PBXNativeTarget "SymbolRollerUITests" */ = {
			isa = XCConfigurationList;
			buildConfigurations = (
				8C3E2553286FBF2A003CD0C0 /* Debug */,
				8C3E2554286FBF2A003CD0C0 /* Release */,
			);
			defaultConfigurationIsVisible = 0;
			defaultConfigurationName = Release;
		};
/* End XCConfigurationList section */
	};
	rootObject = 8C3E251A286FBF29003CD0C0 /* Project object */;
}
